<?xml version="1.0" encoding="utf-8"?>
<Project ToolsVersion="4.0" xmlns="http://schemas.microsoft.com/developer/msbuild/2003">
  <ItemGroup>
    <Filter Include="Source">
      <UniqueIdentifier>{10b8e264-41d9-4a2c-9409-8089e61c123d}</UniqueIdentifier>
    </Filter>
    <Filter Include="Header">
      <UniqueIdentifier>{f329adb6-6f3d-4ac0-be90-e8369469ffe7}</UniqueIdentifier>
    </Filter>
  </ItemGroup>
  <ItemGroup>
    <ClInclude Include="Window.h">
      <Filter>Header</Filter>
    </ClInclude>
    <ClInclude Include="Input.h">
      <Filter>Header</Filter>
    </ClInclude>
    <ClInclude Include="Constants.h">
      <Filter>Header</Filter>
    </ClInclude>
    <ClInclude Include="TextRenderer.h">
      <Filter>Header</Filter>
    </ClInclude>
    <ClInclude Include="UIRect.h">
      <Filter>Header</Filter>
    </ClInclude>
    <ClInclude Include="Vector2.h" />
    <ClInclude Include="UIRenderer.h" />
    <ClInclude Include="UIComponent.h" />
    <ClInclude Include="Color.h">
      <Filter>Header</Filter>
    </ClInclude>
  </ItemGroup>
  <ItemGroup>
    <CudaCompile Include="kernel.cu" />
  </ItemGroup>
  <ItemGroup>
    <ClCompile Include="Input.cpp" />
  </ItemGroup>
</Project>